// !$*UTF8*$!
{
	archiveVersion = 1;
	classes = {
	};
	objectVersion = 51;
	objects = {

/* Begin PBXBuildFile section */
		084121E4259B194400F09646 /* R.generated.swift in Sources */ = {isa = PBXBuildFile; fileRef = 084121E3259B194400F09646 /* R.generated.swift */; };
		0847EE6C25A2A47400EBD70E /* MNFDisbagVC.swift in Sources */ = {isa = PBXBuildFile; fileRef = 0847EE6B25A2A47400EBD70E /* MNFDisbagVC.swift */; };
		0847EE7125A2B35700EBD70E /* MNFComBineLatestAndZIPVC.swift in Sources */ = {isa = PBXBuildFile; fileRef = 0847EE7025A2B35700EBD70E /* MNFComBineLatestAndZIPVC.swift */; };
		0847EE8525A2C1B500EBD70E /* MNFCellVC.swift in Sources */ = {isa = PBXBuildFile; fileRef = 0847EE8425A2C1B500EBD70E /* MNFCellVC.swift */; };
		0847EECC25A2EFB200EBD70E /* MNFTableViewVC.swift in Sources */ = {isa = PBXBuildFile; fileRef = 0847EECB25A2EFB200EBD70E /* MNFTableViewVC.swift */; };
		0847EF2725A30A9100EBD70E /* MNFSwiftUIVC.swift in Sources */ = {isa = PBXBuildFile; fileRef = 0847EF2625A30A9100EBD70E /* MNFSwiftUIVC.swift */; };
		084AD0062592EAB300CB221E /* EggsView.swift in Sources */ = {isa = PBXBuildFile; fileRef = 084AD0052592EAB300CB221E /* EggsView.swift */; };
		084AD00E2592EAC000CB221E /* EggsView.xib in Resources */ = {isa = PBXBuildFile; fileRef = 084AD00D2592EAC000CB221E /* EggsView.xib */; };
		084AD3D625933E6000CB221E /* MNFMineVC.swift in Sources */ = {isa = PBXBuildFile; fileRef = 084AD3D525933E6000CB221E /* MNFMineVC.swift */; };
		085337D4259AC19200475EF5 /* MNFHomeVC.swift in Sources */ = {isa = PBXBuildFile; fileRef = 085337D3259AC19200475EF5 /* MNFHomeVC.swift */; };
		085337DC259AC1EE00475EF5 /* Home.storyboard in Resources */ = {isa = PBXBuildFile; fileRef = 085337DB259AC1EE00475EF5 /* Home.storyboard */; };
		085450CE2591C30C00E22902 /* AppDelegate.swift in Sources */ = {isa = PBXBuildFile; fileRef = 085450CD2591C30C00E22902 /* AppDelegate.swift */; };
		085450D22591C30C00E22902 /* ViewController.swift in Sources */ = {isa = PBXBuildFile; fileRef = 085450D12591C30C00E22902 /* ViewController.swift */; };
		085450D52591C30C00E22902 /* Main.storyboard in Resources */ = {isa = PBXBuildFile; fileRef = 085450D32591C30C00E22902 /* Main.storyboard */; };
		085450D82591C30C00E22902 /* TBMtimeProject.xcdatamodeld in Sources */ = {isa = PBXBuildFile; fileRef = 085450D62591C30C00E22902 /* TBMtimeProject.xcdatamodeld */; };
		085450DA2591C30F00E22902 /* Assets.xcassets in Resources */ = {isa = PBXBuildFile; fileRef = 085450D92591C30F00E22902 /* Assets.xcassets */; };
		085450DD2591C30F00E22902 /* LaunchScreen.storyboard in Resources */ = {isa = PBXBuildFile; fileRef = 085450DB2591C30F00E22902 /* LaunchScreen.storyboard */; };
		085451FC2591DA9B00E22902 /* CommonHeader.swift in Sources */ = {isa = PBXBuildFile; fileRef = 085451EF2591DA9B00E22902 /* CommonHeader.swift */; };
		085451FD2591DA9B00E22902 /* MNFDemoPushVC.swift in Sources */ = {isa = PBXBuildFile; fileRef = 085451F32591DA9B00E22902 /* MNFDemoPushVC.swift */; };
		085451FE2591DA9C00E22902 /* MNFMovieDetailVC.swift in Sources */ = {isa = PBXBuildFile; fileRef = 085451F62591DA9B00E22902 /* MNFMovieDetailVC.swift */; };
		085451FF2591DA9C00E22902 /* MNVActorViewModel.swift in Sources */ = {isa = PBXBuildFile; fileRef = 085451F92591DA9B00E22902 /* MNVActorViewModel.swift */; };
		085452002591DA9C00E22902 /* MNFActorDetailVC.swift in Sources */ = {isa = PBXBuildFile; fileRef = 085451FB2591DA9B00E22902 /* MNFActorDetailVC.swift */; };
		086A500625B677D200C6D29E /* MNFJPhoneLoginVC.swift in Sources */ = {isa = PBXBuildFile; fileRef = 086A500525B677D200C6D29E /* MNFJPhoneLoginVC.swift */; };
		086A500E25B6782500C6D29E /* JPPhoneLogin.swift in Sources */ = {isa = PBXBuildFile; fileRef = 086A500D25B6782500C6D29E /* JPPhoneLogin.swift */; };
		086C6F3C265F438700E4E71C /* MNFCustomRxSwiftVC.swift in Sources */ = {isa = PBXBuildFile; fileRef = 086C6F3B265F438700E4E71C /* MNFCustomRxSwiftVC.swift */; };
		086C6F44265F462800E4E71C /* RxSwift.storyboard in Resources */ = {isa = PBXBuildFile; fileRef = 086C6F43265F462800E4E71C /* RxSwift.storyboard */; };
		086C6F49265F465300E4E71C /* MNFObservableVC.swift in Sources */ = {isa = PBXBuildFile; fileRef = 086C6F48265F465300E4E71C /* MNFObservableVC.swift */; };
		0871A81B25B952E6009B6C87 /* JGOphoneViewModel.swift in Sources */ = {isa = PBXBuildFile; fileRef = 0871A81A25B952E6009B6C87 /* JGOphoneViewModel.swift */; };
		0898701F26662B0F00A54A7C /* RXVM.swift in Sources */ = {isa = PBXBuildFile; fileRef = 0898701E26662B0F00A54A7C /* RXVM.swift */; };
		0898702826662B7000A54A7C /* RXModel.swift in Sources */ = {isa = PBXBuildFile; fileRef = 0898702726662B7000A54A7C /* RXModel.swift */; };
		08B3974925E7787B002AEA27 /* CustomView.swift in Sources */ = {isa = PBXBuildFile; fileRef = 08B3974825E7787B002AEA27 /* CustomView.swift */; };
		08B3979925E77979002AEA27 /* CustomView.xib in Resources */ = {isa = PBXBuildFile; fileRef = 08B3979825E77979002AEA27 /* CustomView.xib */; };
		08B397F425E77D42002AEA27 /* UIWindowExt.swift in Sources */ = {isa = PBXBuildFile; fileRef = 08B397F325E77D42002AEA27 /* UIWindowExt.swift */; };
		08B397F925E77DED002AEA27 /* NSObjectExt.swift in Sources */ = {isa = PBXBuildFile; fileRef = 08B397F825E77DED002AEA27 /* NSObjectExt.swift */; };
		08B397FE25E783C9002AEA27 /* HongmeiVC.swift in Sources */ = {isa = PBXBuildFile; fileRef = 08B397FD25E783C9002AEA27 /* HongmeiVC.swift */; };
/* End PBXBuildFile section */

/* Begin PBXContainerItemProxy section */
		085450E42591C31000E22902 /* PBXContainerItemProxy */ = {
			isa = PBXContainerItemProxy;
			containerPortal = 085450C22591C30C00E22902 /* Project object */;
			proxyType = 1;
			remoteGlobalIDString = 085450C92591C30C00E22902;
			remoteInfo = TBMtimeProject;
		};
		085450EF2591C31000E22902 /* PBXContainerItemProxy */ = {
			isa = PBXContainerItemProxy;
			containerPortal = 085450C22591C30C00E22902 /* Project object */;
			proxyType = 1;
			remoteGlobalIDString = 085450C92591C30C00E22902;
			remoteInfo = TBMtimeProject;
		};
/* End PBXContainerItemProxy section */

/* Begin PBXFileReference section */
		084121E3259B194400F09646 /* R.generated.swift */ = {isa = PBXFileReference; fileEncoding = 4; lastKnownFileType = sourcecode.swift; path = R.generated.swift; sourceTree = "<group>"; };
		0846F6F525B5895800609559 /* TBMtimeProject-Bridging-Header.h */ = {isa = PBXFileReference; fileEncoding = 4; lastKnownFileType = sourcecode.c.h; path = "TBMtimeProject-Bridging-Header.h"; sourceTree = "<group>"; };
		0847EE6B25A2A47400EBD70E /* MNFDisbagVC.swift */ = {isa = PBXFileReference; lastKnownFileType = sourcecode.swift; path = MNFDisbagVC.swift; sourceTree = "<group>"; };
		0847EE7025A2B35700EBD70E /* MNFComBineLatestAndZIPVC.swift */ = {isa = PBXFileReference; lastKnownFileType = sourcecode.swift; path = MNFComBineLatestAndZIPVC.swift; sourceTree = "<group>"; };
		0847EE8425A2C1B500EBD70E /* MNFCellVC.swift */ = {isa = PBXFileReference; lastKnownFileType = sourcecode.swift; path = MNFCellVC.swift; sourceTree = "<group>"; };
		0847EECB25A2EFB200EBD70E /* MNFTableViewVC.swift */ = {isa = PBXFileReference; lastKnownFileType = sourcecode.swift; path = MNFTableViewVC.swift; sourceTree = "<group>"; };
		0847EF2625A30A9100EBD70E /* MNFSwiftUIVC.swift */ = {isa = PBXFileReference; lastKnownFileType = sourcecode.swift; path = MNFSwiftUIVC.swift; sourceTree = "<group>"; };
		084AD0052592EAB300CB221E /* EggsView.swift */ = {isa = PBXFileReference; lastKnownFileType = sourcecode.swift; path = EggsView.swift; sourceTree = "<group>"; };
		084AD00D2592EAC000CB221E /* EggsView.xib */ = {isa = PBXFileReference; lastKnownFileType = file.xib; path = EggsView.xib; sourceTree = "<group>"; };
		084AD3D525933E6000CB221E /* MNFMineVC.swift */ = {isa = PBXFileReference; lastKnownFileType = sourcecode.swift; path = MNFMineVC.swift; sourceTree = "<group>"; };
		085337D3259AC19200475EF5 /* MNFHomeVC.swift */ = {isa = PBXFileReference; lastKnownFileType = sourcecode.swift; path = MNFHomeVC.swift; sourceTree = "<group>"; };
		085337DB259AC1EE00475EF5 /* Home.storyboard */ = {isa = PBXFileReference; lastKnownFileType = file.storyboard; path = Home.storyboard; sourceTree = "<group>"; };
		085450CA2591C30C00E22902 /* TBMtimeProject.app */ = {isa = PBXFileReference; explicitFileType = wrapper.application; includeInIndex = 0; path = TBMtimeProject.app; sourceTree = BUILT_PRODUCTS_DIR; };
		085450CD2591C30C00E22902 /* AppDelegate.swift */ = {isa = PBXFileReference; lastKnownFileType = sourcecode.swift; path = AppDelegate.swift; sourceTree = "<group>"; };
		085450D12591C30C00E22902 /* ViewController.swift */ = {isa = PBXFileReference; lastKnownFileType = sourcecode.swift; path = ViewController.swift; sourceTree = "<group>"; };
		085450D42591C30C00E22902 /* Base */ = {isa = PBXFileReference; lastKnownFileType = file.storyboard; name = Base; path = Base.lproj/Main.storyboard; sourceTree = "<group>"; };
		085450D72591C30C00E22902 /* TBMtimeProject.xcdatamodel */ = {isa = PBXFileReference; lastKnownFileType = wrapper.xcdatamodel; path = TBMtimeProject.xcdatamodel; sourceTree = "<group>"; };
		085450D92591C30F00E22902 /* Assets.xcassets */ = {isa = PBXFileReference; lastKnownFileType = folder.assetcatalog; path = Assets.xcassets; sourceTree = "<group>"; };
		085450DC2591C30F00E22902 /* Base */ = {isa = PBXFileReference; lastKnownFileType = file.storyboard; name = Base; path = Base.lproj/LaunchScreen.storyboard; sourceTree = "<group>"; };
		085450DE2591C30F00E22902 /* Info.plist */ = {isa = PBXFileReference; lastKnownFileType = text.plist.xml; path = Info.plist; sourceTree = "<group>"; };
		085450E32591C31000E22902 /* TBMtimeProjectTests.xctest */ = {isa = PBXFileReference; explicitFileType = wrapper.cfbundle; includeInIndex = 0; path = TBMtimeProjectTests.xctest; sourceTree = BUILT_PRODUCTS_DIR; };
		085450EE2591C31000E22902 /* TBMtimeProjectUITests.xctest */ = {isa = PBXFileReference; explicitFileType = wrapper.cfbundle; includeInIndex = 0; path = TBMtimeProjectUITests.xctest; sourceTree = BUILT_PRODUCTS_DIR; };
		085451EF2591DA9B00E22902 /* CommonHeader.swift */ = {isa = PBXFileReference; fileEncoding = 4; lastKnownFileType = sourcecode.swift; path = CommonHeader.swift; sourceTree = "<group>"; };
		085451F32591DA9B00E22902 /* MNFDemoPushVC.swift */ = {isa = PBXFileReference; fileEncoding = 4; lastKnownFileType = sourcecode.swift; path = MNFDemoPushVC.swift; sourceTree = "<group>"; };
		085451F62591DA9B00E22902 /* MNFMovieDetailVC.swift */ = {isa = PBXFileReference; fileEncoding = 4; lastKnownFileType = sourcecode.swift; path = MNFMovieDetailVC.swift; sourceTree = "<group>"; };
		085451F92591DA9B00E22902 /* MNVActorViewModel.swift */ = {isa = PBXFileReference; fileEncoding = 4; lastKnownFileType = sourcecode.swift; path = MNVActorViewModel.swift; sourceTree = "<group>"; };
		085451FB2591DA9B00E22902 /* MNFActorDetailVC.swift */ = {isa = PBXFileReference; fileEncoding = 4; lastKnownFileType = sourcecode.swift; path = MNFActorDetailVC.swift; sourceTree = "<group>"; };
		086A500525B677D200C6D29E /* MNFJPhoneLoginVC.swift */ = {isa = PBXFileReference; lastKnownFileType = sourcecode.swift; path = MNFJPhoneLoginVC.swift; sourceTree = "<group>"; };
		086A500D25B6782500C6D29E /* JPPhoneLogin.swift */ = {isa = PBXFileReference; fileEncoding = 4; lastKnownFileType = sourcecode.swift; path = JPPhoneLogin.swift; sourceTree = "<group>"; };
		086C6F3B265F438700E4E71C /* MNFCustomRxSwiftVC.swift */ = {isa = PBXFileReference; lastKnownFileType = sourcecode.swift; path = MNFCustomRxSwiftVC.swift; sourceTree = "<group>"; };
		086C6F43265F462800E4E71C /* RxSwift.storyboard */ = {isa = PBXFileReference; lastKnownFileType = file.storyboard; path = RxSwift.storyboard; sourceTree = "<group>"; };
		086C6F48265F465300E4E71C /* MNFObservableVC.swift */ = {isa = PBXFileReference; lastKnownFileType = sourcecode.swift; path = MNFObservableVC.swift; sourceTree = "<group>"; };
		0871A81A25B952E6009B6C87 /* JGOphoneViewModel.swift */ = {isa = PBXFileReference; lastKnownFileType = sourcecode.swift; path = JGOphoneViewModel.swift; sourceTree = "<group>"; };
		0898701E26662B0F00A54A7C /* RXVM.swift */ = {isa = PBXFileReference; lastKnownFileType = sourcecode.swift; path = RXVM.swift; sourceTree = "<group>"; };
		0898702726662B7000A54A7C /* RXModel.swift */ = {isa = PBXFileReference; lastKnownFileType = sourcecode.swift; path = RXModel.swift; sourceTree = "<group>"; };
		08B3974825E7787B002AEA27 /* CustomView.swift */ = {isa = PBXFileReference; lastKnownFileType = sourcecode.swift; path = CustomView.swift; sourceTree = "<group>"; };
		08B3979825E77979002AEA27 /* CustomView.xib */ = {isa = PBXFileReference; lastKnownFileType = file.xib; path = CustomView.xib; sourceTree = "<group>"; };
		08B397F325E77D42002AEA27 /* UIWindowExt.swift */ = {isa = PBXFileReference; fileEncoding = 4; lastKnownFileType = sourcecode.swift; path = UIWindowExt.swift; sourceTree = "<group>"; };
		08B397F825E77DED002AEA27 /* NSObjectExt.swift */ = {isa = PBXFileReference; fileEncoding = 4; lastKnownFileType = sourcecode.swift; path = NSObjectExt.swift; sourceTree = "<group>"; };
		08B397FD25E783C9002AEA27 /* HongmeiVC.swift */ = {isa = PBXFileReference; lastKnownFileType = sourcecode.swift; path = HongmeiVC.swift; sourceTree = "<group>"; };
		0C6C959A636CD75A1534D7DF /* Pods_TBMtimeProject.framework */ = {isa = PBXFileReference; explicitFileType = wrapper.framework; includeInIndex = 0; path = Pods_TBMtimeProject.framework; sourceTree = BUILT_PRODUCTS_DIR; };
		2D79AD5F30819EBBFF4743D6 /* Pods-TBMtimeProject.release.xcconfig */ = {isa = PBXFileReference; includeInIndex = 1; lastKnownFileType = text.xcconfig; name = "Pods-TBMtimeProject.release.xcconfig"; path = "Target Support Files/Pods-TBMtimeProject/Pods-TBMtimeProject.release.xcconfig"; sourceTree = "<group>"; };
		7312E1ABF8A436EEACCB379F /* Pods-TBMtimeProject.debug.xcconfig */ = {isa = PBXFileReference; includeInIndex = 1; lastKnownFileType = text.xcconfig; name = "Pods-TBMtimeProject.debug.xcconfig"; path = "Target Support Files/Pods-TBMtimeProject/Pods-TBMtimeProject.debug.xcconfig"; sourceTree = "<group>"; };
/* End PBXFileReference section */

/* Begin PBXFrameworksBuildPhase section */
		085450C72591C30C00E22902 /* Frameworks */ = {
			isa = PBXFrameworksBuildPhase;
			buildActionMask = 2147483647;
			files = (
			);
			runOnlyForDeploymentPostprocessing = 0;
		};
		085450E02591C31000E22902 /* Frameworks */ = {
			isa = PBXFrameworksBuildPhase;
			buildActionMask = 2147483647;
			files = (
			);
			runOnlyForDeploymentPostprocessing = 0;
		};
		085450EB2591C31000E22902 /* Frameworks */ = {
			isa = PBXFrameworksBuildPhase;
			buildActionMask = 2147483647;
			files = (
			);
			runOnlyForDeploymentPostprocessing = 0;
		};
/* End PBXFrameworksBuildPhase section */

/* Begin PBXGroup section */
		0846F6EA25B587F700609559 /* BridgingHeader */ = {
			isa = PBXGroup;
			children = (
				0846F6F525B5895800609559 /* TBMtimeProject-Bridging-Header.h */,
			);
			path = BridgingHeader;
			sourceTree = "<group>";
		};
		084AD0032592EA4E00CB221E /* EggsPopupWindow */ = {
			isa = PBXGroup;
			children = (
				084AD0042592EA9100CB221E /* EggsViews */,
			);
			path = EggsPopupWindow;
			sourceTree = "<group>";
		};
		084AD0042592EA9100CB221E /* EggsViews */ = {
			isa = PBXGroup;
			children = (
				084AD0052592EAB300CB221E /* EggsView.swift */,
				084AD00D2592EAC000CB221E /* EggsView.xib */,
			);
			path = EggsViews;
			sourceTree = "<group>";
		};
		084AD3C925933D4100CB221E /* RxSwiftVCs */ = {
			isa = PBXGroup;
			children = (
				0847EE6B25A2A47400EBD70E /* MNFDisbagVC.swift */,
				0847EE7025A2B35700EBD70E /* MNFComBineLatestAndZIPVC.swift */,
				0847EE8425A2C1B500EBD70E /* MNFCellVC.swift */,
				0847EECB25A2EFB200EBD70E /* MNFTableViewVC.swift */,
				0847EF2625A30A9100EBD70E /* MNFSwiftUIVC.swift */,
				086C6F3B265F438700E4E71C /* MNFCustomRxSwiftVC.swift */,
				086C6F48265F465300E4E71C /* MNFObservableVC.swift */,
			);
			path = RxSwiftVCs;
			sourceTree = "<group>";
		};
		084AD3D225933E4300CB221E /* Mine */ = {
			isa = PBXGroup;
			children = (
				084AD3D325933E4900CB221E /* MineVCs */,
			);
			path = Mine;
			sourceTree = "<group>";
		};
		084AD3D325933E4900CB221E /* MineVCs */ = {
			isa = PBXGroup;
			children = (
				084AD3D525933E6000CB221E /* MNFMineVC.swift */,
			);
			path = MineVCs;
			sourceTree = "<group>";
		};
		085337D1259AC16000475EF5 /* Home */ = {
			isa = PBXGroup;
			children = (
				085337DB259AC1EE00475EF5 /* Home.storyboard */,
				086C6F43265F462800E4E71C /* RxSwift.storyboard */,
				085337D2259AC18000475EF5 /* HomeVCs */,
			);
			path = Home;
			sourceTree = "<group>";
		};
		085337D2259AC18000475EF5 /* HomeVCs */ = {
			isa = PBXGroup;
			children = (
				085337D3259AC19200475EF5 /* MNFHomeVC.swift */,
			);
			path = HomeVCs;
			sourceTree = "<group>";
		};
		08543BF6259C54E200A4927F /* Learn */ = {
			isa = PBXGroup;
			children = (
				0898702626662B5E00A54A7C /* Model */,
				0898701D26662AF500A54A7C /* ViewModel */,
				084AD3C925933D4100CB221E /* RxSwiftVCs */,
			);
			path = Learn;
			sourceTree = "<group>";
		};
		085450C12591C30C00E22902 = {
			isa = PBXGroup;
			children = (
				085450CC2591C30C00E22902 /* TBMtimeProject */,
				085450CB2591C30C00E22902 /* Products */,
				7E0C918A79A6E5D211138101 /* Pods */,
				CDE6B5E7292D351D4C15BE5A /* Frameworks */,
			);
			sourceTree = "<group>";
		};
		085450CB2591C30C00E22902 /* Products */ = {
			isa = PBXGroup;
			children = (
				085450CA2591C30C00E22902 /* TBMtimeProject.app */,
				085450E32591C31000E22902 /* TBMtimeProjectTests.xctest */,
				085450EE2591C31000E22902 /* TBMtimeProjectUITests.xctest */,
			);
			name = Products;
			sourceTree = "<group>";
		};
		085450CC2591C30C00E22902 /* TBMtimeProject */ = {
			isa = PBXGroup;
			children = (
				085451ED2591DA9B00E22902 /* Common */,
				085451F02591DA9B00E22902 /* Business */,
				085450CD2591C30C00E22902 /* AppDelegate.swift */,
				084121E3259B194400F09646 /* R.generated.swift */,
				085450D12591C30C00E22902 /* ViewController.swift */,
				085450D32591C30C00E22902 /* Main.storyboard */,
				085450D92591C30F00E22902 /* Assets.xcassets */,
				085450DB2591C30F00E22902 /* LaunchScreen.storyboard */,
				085450DE2591C30F00E22902 /* Info.plist */,
				085450D62591C30C00E22902 /* TBMtimeProject.xcdatamodeld */,
			);
			path = TBMtimeProject;
			sourceTree = "<group>";
		};
		085451ED2591DA9B00E22902 /* Common */ = {
			isa = PBXGroup;
			children = (
				0846F6EA25B587F700609559 /* BridgingHeader */,
				085451EE2591DA9B00E22902 /* CommonHeader */,
			);
			path = Common;
			sourceTree = "<group>";
		};
		085451EE2591DA9B00E22902 /* CommonHeader */ = {
			isa = PBXGroup;
			children = (
				085451EF2591DA9B00E22902 /* CommonHeader.swift */,
			);
			path = CommonHeader;
			sourceTree = "<group>";
		};
		085451F02591DA9B00E22902 /* Business */ = {
			isa = PBXGroup;
			children = (
				086A500225B6778D00C6D29E /* JPhoneLogin */,
				08543BF6259C54E200A4927F /* Learn */,
				085337D1259AC16000475EF5 /* Home */,
				084AD3D225933E4300CB221E /* Mine */,
				084AD0032592EA4E00CB221E /* EggsPopupWindow */,
				085451F12591DA9B00E22902 /* Demo */,
				085451F42591DA9B00E22902 /* Movie */,
				085451F72591DA9B00E22902 /* Actor */,
			);
			path = Business;
			sourceTree = "<group>";
		};
		085451F12591DA9B00E22902 /* Demo */ = {
			isa = PBXGroup;
			children = (
				085451F22591DA9B00E22902 /* DemoVCs */,
			);
			path = Demo;
			sourceTree = "<group>";
		};
		085451F22591DA9B00E22902 /* DemoVCs */ = {
			isa = PBXGroup;
			children = (
				085451F32591DA9B00E22902 /* MNFDemoPushVC.swift */,
			);
			path = DemoVCs;
			sourceTree = "<group>";
		};
		085451F42591DA9B00E22902 /* Movie */ = {
			isa = PBXGroup;
			children = (
				085451F52591DA9B00E22902 /* MovieVCs */,
			);
			path = Movie;
			sourceTree = "<group>";
		};
		085451F52591DA9B00E22902 /* MovieVCs */ = {
			isa = PBXGroup;
			children = (
				085451F62591DA9B00E22902 /* MNFMovieDetailVC.swift */,
			);
			path = MovieVCs;
			sourceTree = "<group>";
		};
		085451F72591DA9B00E22902 /* Actor */ = {
			isa = PBXGroup;
			children = (
				085451F82591DA9B00E22902 /* ActorViewModel */,
				085451FA2591DA9B00E22902 /* ActorVCs */,
			);
			path = Actor;
			sourceTree = "<group>";
		};
		085451F82591DA9B00E22902 /* ActorViewModel */ = {
			isa = PBXGroup;
			children = (
				085451F92591DA9B00E22902 /* MNVActorViewModel.swift */,
			);
			path = ActorViewModel;
			sourceTree = "<group>";
		};
		085451FA2591DA9B00E22902 /* ActorVCs */ = {
			isa = PBXGroup;
			children = (
				085451FB2591DA9B00E22902 /* MNFActorDetailVC.swift */,
			);
			path = ActorVCs;
			sourceTree = "<group>";
		};
		086A500225B6778D00C6D29E /* JPhoneLogin */ = {
			isa = PBXGroup;
			children = (
				086A500325B677A000C6D29E /* JPhoneLoginVCs */,
			);
			path = JPhoneLogin;
			sourceTree = "<group>";
		};
		086A500325B677A000C6D29E /* JPhoneLoginVCs */ = {
			isa = PBXGroup;
			children = (
				08B397F325E77D42002AEA27 /* UIWindowExt.swift */,
				086A500D25B6782500C6D29E /* JPPhoneLogin.swift */,
				086A500525B677D200C6D29E /* MNFJPhoneLoginVC.swift */,
				0871A81A25B952E6009B6C87 /* JGOphoneViewModel.swift */,
				08B397F825E77DED002AEA27 /* NSObjectExt.swift */,
				08B3974825E7787B002AEA27 /* CustomView.swift */,
				08B3979825E77979002AEA27 /* CustomView.xib */,
				08B397FD25E783C9002AEA27 /* HongmeiVC.swift */,
			);
			path = JPhoneLoginVCs;
			sourceTree = "<group>";
		};
		0898701D26662AF500A54A7C /* ViewModel */ = {
			isa = PBXGroup;
			children = (
				0898701E26662B0F00A54A7C /* RXVM.swift */,
			);
			path = ViewModel;
			sourceTree = "<group>";
		};
		0898702626662B5E00A54A7C /* Model */ = {
			isa = PBXGroup;
			children = (
				0898702726662B7000A54A7C /* RXModel.swift */,
			);
			path = Model;
			sourceTree = "<group>";
		};
		7E0C918A79A6E5D211138101 /* Pods */ = {
			isa = PBXGroup;
			children = (
				7312E1ABF8A436EEACCB379F /* Pods-TBMtimeProject.debug.xcconfig */,
				2D79AD5F30819EBBFF4743D6 /* Pods-TBMtimeProject.release.xcconfig */,
			);
			path = Pods;
			sourceTree = "<group>";
		};
		CDE6B5E7292D351D4C15BE5A /* Frameworks */ = {
			isa = PBXGroup;
			children = (
				0C6C959A636CD75A1534D7DF /* Pods_TBMtimeProject.framework */,
			);
			name = Frameworks;
			sourceTree = "<group>";
		};
/* End PBXGroup section */

/* Begin PBXNativeTarget section */
		085450C92591C30C00E22902 /* TBMtimeProject */ = {
			isa = PBXNativeTarget;
			buildConfigurationList = 085450F72591C31000E22902 /* Build configuration list for PBXNativeTarget "TBMtimeProject" */;
			buildPhases = (
				846C7F536FE907B98AFB416F /* [CP] Check Pods Manifest.lock */,
				0841211D259B17CB00F09646 /* R.swift */,
				085450C62591C30C00E22902 /* Sources */,
				085450C72591C30C00E22902 /* Frameworks */,
				085450C82591C30C00E22902 /* Resources */,
				7D90FF196116EA387660A714 /* [CP] Copy Pods Resources */,
			);
			buildRules = (
			);
			dependencies = (
			);
			name = TBMtimeProject;
			productName = TBMtimeProject;
			productReference = 085450CA2591C30C00E22902 /* TBMtimeProject.app */;
			productType = "com.apple.product-type.application";
		};
		085450E22591C31000E22902 /* TBMtimeProjectTests */ = {
			isa = PBXNativeTarget;
			buildConfigurationList = 085450FA2591C31000E22902 /* Build configuration list for PBXNativeTarget "TBMtimeProjectTests" */;
			buildPhases = (
				085450DF2591C31000E22902 /* Sources */,
				085450E02591C31000E22902 /* Frameworks */,
				085450E12591C31000E22902 /* Resources */,
			);
			buildRules = (
			);
			dependencies = (
				085450E52591C31000E22902 /* PBXTargetDependency */,
			);
			name = TBMtimeProjectTests;
			productName = TBMtimeProjectTests;
			productReference = 085450E32591C31000E22902 /* TBMtimeProjectTests.xctest */;
			productType = "com.apple.product-type.bundle.unit-test";
		};
		085450ED2591C31000E22902 /* TBMtimeProjectUITests */ = {
			isa = PBXNativeTarget;
			buildConfigurationList = 085450FD2591C31000E22902 /* Build configuration list for PBXNativeTarget "TBMtimeProjectUITests" */;
			buildPhases = (
				085450EA2591C31000E22902 /* Sources */,
				085450EB2591C31000E22902 /* Frameworks */,
				085450EC2591C31000E22902 /* Resources */,
			);
			buildRules = (
			);
			dependencies = (
				085450F02591C31000E22902 /* PBXTargetDependency */,
			);
			name = TBMtimeProjectUITests;
			productName = TBMtimeProjectUITests;
			productReference = 085450EE2591C31000E22902 /* TBMtimeProjectUITests.xctest */;
			productType = "com.apple.product-type.bundle.ui-testing";
		};
/* End PBXNativeTarget section */

/* Begin PBXProject section */
		085450C22591C30C00E22902 /* Project object */ = {
			isa = PBXProject;
			attributes = {
				LastSwiftUpdateCheck = 1230;
				LastUpgradeCheck = 1230;
				TargetAttributes = {
					085450C92591C30C00E22902 = {
						CreatedOnToolsVersion = 12.3;
					};
					085450E22591C31000E22902 = {
						CreatedOnToolsVersion = 12.3;
						TestTargetID = 085450C92591C30C00E22902;
					};
					085450ED2591C31000E22902 = {
						CreatedOnToolsVersion = 12.3;
						TestTargetID = 085450C92591C30C00E22902;
					};
				};
			};
			buildConfigurationList = 085450C52591C30C00E22902 /* Build configuration list for PBXProject "TBMtimeProject" */;
			compatibilityVersion = "Xcode 9.3";
			developmentRegion = en;
			hasScannedForEncodings = 0;
			knownRegions = (
				en,
				Base,
			);
			mainGroup = 085450C12591C30C00E22902;
			productRefGroup = 085450CB2591C30C00E22902 /* Products */;
			projectDirPath = "";
			projectRoot = "";
			targets = (
				085450C92591C30C00E22902 /* TBMtimeProject */,
				085450E22591C31000E22902 /* TBMtimeProjectTests */,
				085450ED2591C31000E22902 /* TBMtimeProjectUITests */,
			);
		};
/* End PBXProject section */

/* Begin PBXResourcesBuildPhase section */
		085450C82591C30C00E22902 /* Resources */ = {
			isa = PBXResourcesBuildPhase;
			buildActionMask = 2147483647;
			files = (
				085450DD2591C30F00E22902 /* LaunchScreen.storyboard in Resources */,
				085337DC259AC1EE00475EF5 /* Home.storyboard in Resources */,
				085450DA2591C30F00E22902 /* Assets.xcassets in Resources */,
				084AD00E2592EAC000CB221E /* EggsView.xib in Resources */,
				086C6F44265F462800E4E71C /* RxSwift.storyboard in Resources */,
				085450D52591C30C00E22902 /* Main.storyboard in Resources */,
				08B3979925E77979002AEA27 /* CustomView.xib in Resources */,
			);
			runOnlyForDeploymentPostprocessing = 0;
		};
		085450E12591C31000E22902 /* Resources */ = {
			isa = PBXResourcesBuildPhase;
			buildActionMask = 2147483647;
			files = (
			);
			runOnlyForDeploymentPostprocessing = 0;
		};
		085450EC2591C31000E22902 /* Resources */ = {
			isa = PBXResourcesBuildPhase;
			buildActionMask = 2147483647;
			files = (
			);
			runOnlyForDeploymentPostprocessing = 0;
		};
/* End PBXResourcesBuildPhase section */

/* Begin PBXShellScriptBuildPhase section */
		0841211D259B17CB00F09646 /* R.swift */ = {
			isa = PBXShellScriptBuildPhase;
			buildActionMask = 2147483647;
			files = (
			);
			inputFileListPaths = (
			);
			inputPaths = (
				"$TEMP_DIR/rswift-lastrun",
			);
			name = R.swift;
			outputFileListPaths = (
			);
			outputPaths = (
				$SRCROOT/TBMtimeProject/R.generated.swift,
			);
			runOnlyForDeploymentPostprocessing = 0;
			shellPath = /bin/sh;
			shellScript = "\"$PODS_ROOT/R.swift/rswift\" generate \"$SRCROOT/TBMtimeProject/R.generated.swift\"\n";
		};
		7D90FF196116EA387660A714 /* [CP] Copy Pods Resources */ = {
			isa = PBXShellScriptBuildPhase;
			buildActionMask = 2147483647;
			files = (
			);
			inputFileListPaths = (
				"${PODS_ROOT}/Target Support Files/Pods-TBMtimeProject/Pods-TBMtimeProject-resources-${CONFIGURATION}-input-files.xcfilelist",
			);
			name = "[CP] Copy Pods Resources";
			outputFileListPaths = (
				"${PODS_ROOT}/Target Support Files/Pods-TBMtimeProject/Pods-TBMtimeProject-resources-${CONFIGURATION}-output-files.xcfilelist",
			);
			runOnlyForDeploymentPostprocessing = 0;
			shellPath = /bin/sh;
			shellScript = "\"${PODS_ROOT}/Target Support Files/Pods-TBMtimeProject/Pods-TBMtimeProject-resources.sh\"\n";
			showEnvVarsInLog = 0;
		};
		846C7F536FE907B98AFB416F /* [CP] Check Pods Manifest.lock */ = {
			isa = PBXShellScriptBuildPhase;
			buildActionMask = 2147483647;
			files = (
			);
			inputFileListPaths = (
			);
			inputPaths = (
				"${PODS_PODFILE_DIR_PATH}/Podfile.lock",
				"${PODS_ROOT}/Manifest.lock",
			);
			name = "[CP] Check Pods Manifest.lock";
			outputFileListPaths = (
			);
			outputPaths = (
				"$(DERIVED_FILE_DIR)/Pods-TBMtimeProject-checkManifestLockResult.txt",
			);
			runOnlyForDeploymentPostprocessing = 0;
			shellPath = /bin/sh;
			shellScript = "diff \"${PODS_PODFILE_DIR_PATH}/Podfile.lock\" \"${PODS_ROOT}/Manifest.lock\" > /dev/null\nif [ $? != 0 ] ; then\n    # print error to STDERR\n    echo \"error: The sandbox is not in sync with the Podfile.lock. Run 'pod install' or update your CocoaPods installation.\" >&2\n    exit 1\nfi\n# This output is used by Xcode 'outputs' to avoid re-running this script phase.\necho \"SUCCESS\" > \"${SCRIPT_OUTPUT_FILE_0}\"\n";
			showEnvVarsInLog = 0;
		};
/* End PBXShellScriptBuildPhase section */

/* Begin PBXSourcesBuildPhase section */
		085450C62591C30C00E22902 /* Sources */ = {
			isa = PBXSourcesBuildPhase;
			buildActionMask = 2147483647;
			files = (
				084AD3D625933E6000CB221E /* MNFMineVC.swift in Sources */,
				086C6F49265F465300E4E71C /* MNFObservableVC.swift in Sources */,
				085337D4259AC19200475EF5 /* MNFHomeVC.swift in Sources */,
				086A500E25B6782500C6D29E /* JPPhoneLogin.swift in Sources */,
				085451FE2591DA9C00E22902 /* MNFMovieDetailVC.swift in Sources */,
				084AD0062592EAB300CB221E /* EggsView.swift in Sources */,
				086A500625B677D200C6D29E /* MNFJPhoneLoginVC.swift in Sources */,
				0847EE8525A2C1B500EBD70E /* MNFCellVC.swift in Sources */,
				085451FD2591DA9B00E22902 /* MNFDemoPushVC.swift in Sources */,
				0847EF2725A30A9100EBD70E /* MNFSwiftUIVC.swift in Sources */,
				085451FF2591DA9C00E22902 /* MNVActorViewModel.swift in Sources */,
				084121E4259B194400F09646 /* R.generated.swift in Sources */,
				085450D82591C30C00E22902 /* TBMtimeProject.xcdatamodeld in Sources */,
				085450D22591C30C00E22902 /* ViewController.swift in Sources */,
				08B397FE25E783C9002AEA27 /* HongmeiVC.swift in Sources */,
				0898702826662B7000A54A7C /* RXModel.swift in Sources */,
				0847EECC25A2EFB200EBD70E /* MNFTableViewVC.swift in Sources */,
				086C6F3C265F438700E4E71C /* MNFCustomRxSwiftVC.swift in Sources */,
				0871A81B25B952E6009B6C87 /* JGOphoneViewModel.swift in Sources */,
				085450CE2591C30C00E22902 /* AppDelegate.swift in Sources */,
				08B3974925E7787B002AEA27 /* CustomView.swift in Sources */,
				085451FC2591DA9B00E22902 /* CommonHeader.swift in Sources */,
				08B397F425E77D42002AEA27 /* UIWindowExt.swift in Sources */,
				0847EE6C25A2A47400EBD70E /* MNFDisbagVC.swift in Sources */,
				0898701F26662B0F00A54A7C /* RXVM.swift in Sources */,
				08B397F925E77DED002AEA27 /* NSObjectExt.swift in Sources */,
				0847EE7125A2B35700EBD70E /* MNFComBineLatestAndZIPVC.swift in Sources */,
				085452002591DA9C00E22902 /* MNFActorDetailVC.swift in Sources */,
			);
			runOnlyForDeploymentPostprocessing = 0;
		};
		085450DF2591C31000E22902 /* Sources */ = {
			isa = PBXSourcesBuildPhase;
			buildActionMask = 2147483647;
			files = (
			);
			runOnlyForDeploymentPostprocessing = 0;
		};
		085450EA2591C31000E22902 /* Sources */ = {
			isa = PBXSourcesBuildPhase;
			buildActionMask = 2147483647;
			files = (
			);
			runOnlyForDeploymentPostprocessing = 0;
		};
/* End PBXSourcesBuildPhase section */

/* Begin PBXTargetDependency section */
		085450E52591C31000E22902 /* PBXTargetDependency */ = {
			isa = PBXTargetDependency;
			target = 085450C92591C30C00E22902 /* TBMtimeProject */;
			targetProxy = 085450E42591C31000E22902 /* PBXContainerItemProxy */;
		};
		085450F02591C31000E22902 /* PBXTargetDependency */ = {
			isa = PBXTargetDependency;
			target = 085450C92591C30C00E22902 /* TBMtimeProject */;
			targetProxy = 085450EF2591C31000E22902 /* PBXContainerItemProxy */;
		};
/* End PBXTargetDependency section */

/* Begin PBXVariantGroup section */
		085450D32591C30C00E22902 /* Main.storyboard */ = {
			isa = PBXVariantGroup;
			children = (
				085450D42591C30C00E22902 /* Base */,
			);
			name = Main.storyboard;
			sourceTree = "<group>";
		};
		085450DB2591C30F00E22902 /* LaunchScreen.storyboard */ = {
			isa = PBXVariantGroup;
			children = (
				085450DC2591C30F00E22902 /* Base */,
			);
			name = LaunchScreen.storyboard;
			sourceTree = "<group>";
		};
/* End PBXVariantGroup section */

/* Begin XCBuildConfiguration section */
		085450F52591C31000E22902 /* Debug */ = {
			isa = XCBuildConfiguration;
			buildSettings = {
				ALWAYS_SEARCH_USER_PATHS = NO;
				CLANG_ANALYZER_NONNULL = YES;
				CLANG_ANALYZER_NUMBER_OBJECT_CONVERSION = YES_AGGRESSIVE;
				CLANG_CXX_LANGUAGE_STANDARD = "gnu++14";
				CLANG_CXX_LIBRARY = "libc++";
				CLANG_ENABLE_MODULES = YES;
				CLANG_ENABLE_OBJC_ARC = YES;
				CLANG_ENABLE_OBJC_WEAK = YES;
				CLANG_WARN_BLOCK_CAPTURE_AUTORELEASING = YES;
				CLANG_WARN_BOOL_CONVERSION = YES;
				CLANG_WARN_COMMA = YES;
				CLANG_WARN_CONSTANT_CONVERSION = YES;
				CLANG_WARN_DEPRECATED_OBJC_IMPLEMENTATIONS = YES;
				CLANG_WARN_DIRECT_OBJC_ISA_USAGE = YES_ERROR;
				CLANG_WARN_DOCUMENTATION_COMMENTS = YES;
				CLANG_WARN_EMPTY_BODY = YES;
				CLANG_WARN_ENUM_CONVERSION = YES;
				CLANG_WARN_INFINITE_RECURSION = YES;
				CLANG_WARN_INT_CONVERSION = YES;
				CLANG_WARN_NON_LITERAL_NULL_CONVERSION = YES;
				CLANG_WARN_OBJC_IMPLICIT_RETAIN_SELF = YES;
				CLANG_WARN_OBJC_LITERAL_CONVERSION = YES;
				CLANG_WARN_OBJC_ROOT_CLASS = YES_ERROR;
				CLANG_WARN_QUOTED_INCLUDE_IN_FRAMEWORK_HEADER = YES;
				CLANG_WARN_RANGE_LOOP_ANALYSIS = YES;
				CLANG_WARN_STRICT_PROTOTYPES = YES;
				CLANG_WARN_SUSPICIOUS_MOVE = YES;
				CLANG_WARN_UNGUARDED_AVAILABILITY = YES_AGGRESSIVE;
				CLANG_WARN_UNREACHABLE_CODE = YES;
				CLANG_WARN__DUPLICATE_METHOD_MATCH = YES;
				COPY_PHASE_STRIP = NO;
				DEBUG_INFORMATION_FORMAT = dwarf;
				ENABLE_STRICT_OBJC_MSGSEND = YES;
				ENABLE_TESTABILITY = YES;
				EXCLUDED_ARCHS = "EXCLUDED_ARCHS__EFFECTIVE_PLATFORM_SUFFIX_simulator__NATIVE_ARCH_64_BIT_x86_64=arm64 arm64e armv7 armv7s armv6 armv8 EXCLUDED_ARCHS=$(inherited) $(EXCLUDED_ARCHS__EFFECTIVE_PLATFORM_SUFFIX_$(EFFECTIVE_PLATFORM_SUFFIX)__NATIVE_ARCH_64_BIT_$(NATIVE_ARCH_64_BIT))";
				GCC_C_LANGUAGE_STANDARD = gnu11;
				GCC_DYNAMIC_NO_PIC = NO;
				GCC_NO_COMMON_BLOCKS = YES;
				GCC_OPTIMIZATION_LEVEL = 0;
				GCC_PREPROCESSOR_DEFINITIONS = (
					"DEBUG=1",
					"$(inherited)",
				);
				GCC_WARN_64_TO_32_BIT_CONVERSION = YES;
				GCC_WARN_ABOUT_RETURN_TYPE = YES_ERROR;
				GCC_WARN_UNDECLARED_SELECTOR = YES;
				GCC_WARN_UNINITIALIZED_AUTOS = YES_AGGRESSIVE;
				GCC_WARN_UNUSED_FUNCTION = YES;
				GCC_WARN_UNUSED_VARIABLE = YES;
				IPHONEOS_DEPLOYMENT_TARGET = 14.3;
				MTL_ENABLE_DEBUG_INFO = INCLUDE_SOURCE;
				MTL_FAST_MATH = YES;
				ONLY_ACTIVE_ARCH = YES;
				SDKROOT = iphoneos;
				SWIFT_ACTIVE_COMPILATION_CONDITIONS = DEBUG;
				SWIFT_OPTIMIZATION_LEVEL = "-Onone";
				VALID_ARCHS = "arm64 arm64e armv7 armv7s x86_64 i386";
			};
			name = Debug;
		};
		085450F62591C31000E22902 /* Release */ = {
			isa = XCBuildConfiguration;
			buildSettings = {
				ALWAYS_SEARCH_USER_PATHS = NO;
				CLANG_ANALYZER_NONNULL = YES;
				CLANG_ANALYZER_NUMBER_OBJECT_CONVERSION = YES_AGGRESSIVE;
				CLANG_CXX_LANGUAGE_STANDARD = "gnu++14";
				CLANG_CXX_LIBRARY = "libc++";
				CLANG_ENABLE_MODULES = YES;
				CLANG_ENABLE_OBJC_ARC = YES;
				CLANG_ENABLE_OBJC_WEAK = YES;
				CLANG_WARN_BLOCK_CAPTURE_AUTORELEASING = YES;
				CLANG_WARN_BOOL_CONVERSION = YES;
				CLANG_WARN_COMMA = YES;
				CLANG_WARN_CONSTANT_CONVERSION = YES;
				CLANG_WARN_DEPRECATED_OBJC_IMPLEMENTATIONS = YES;
				CLANG_WARN_DIRECT_OBJC_ISA_USAGE = YES_ERROR;
				CLANG_WARN_DOCUMENTATION_COMMENTS = YES;
				CLANG_WARN_EMPTY_BODY = YES;
				CLANG_WARN_ENUM_CONVERSION = YES;
				CLANG_WARN_INFINITE_RECURSION = YES;
				CLANG_WARN_INT_CONVERSION = YES;
				CLANG_WARN_NON_LITERAL_NULL_CONVERSION = YES;
				CLANG_WARN_OBJC_IMPLICIT_RETAIN_SELF = YES;
				CLANG_WARN_OBJC_LITERAL_CONVERSION = YES;
				CLANG_WARN_OBJC_ROOT_CLASS = YES_ERROR;
				CLANG_WARN_QUOTED_INCLUDE_IN_FRAMEWORK_HEADER = YES;
				CLANG_WARN_RANGE_LOOP_ANALYSIS = YES;
				CLANG_WARN_STRICT_PROTOTYPES = YES;
				CLANG_WARN_SUSPICIOUS_MOVE = YES;
				CLANG_WARN_UNGUARDED_AVAILABILITY = YES_AGGRESSIVE;
				CLANG_WARN_UNREACHABLE_CODE = YES;
				CLANG_WARN__DUPLICATE_METHOD_MATCH = YES;
				COPY_PHASE_STRIP = NO;
				DEBUG_INFORMATION_FORMAT = "dwarf-with-dsym";
				ENABLE_NS_ASSERTIONS = NO;
				ENABLE_STRICT_OBJC_MSGSEND = YES;
				EXCLUDED_ARCHS = "EXCLUDED_ARCHS__EFFECTIVE_PLATFORM_SUFFIX_simulator__NATIVE_ARCH_64_BIT_x86_64=arm64 arm64e armv7 armv7s armv6 armv8 EXCLUDED_ARCHS=$(inherited) $(EXCLUDED_ARCHS__EFFECTIVE_PLATFORM_SUFFIX_$(EFFECTIVE_PLATFORM_SUFFIX)__NATIVE_ARCH_64_BIT_$(NATIVE_ARCH_64_BIT))";
				GCC_C_LANGUAGE_STANDARD = gnu11;
				GCC_NO_COMMON_BLOCKS = YES;
				GCC_WARN_64_TO_32_BIT_CONVERSION = YES;
				GCC_WARN_ABOUT_RETURN_TYPE = YES_ERROR;
				GCC_WARN_UNDECLARED_SELECTOR = YES;
				GCC_WARN_UNINITIALIZED_AUTOS = YES_AGGRESSIVE;
				GCC_WARN_UNUSED_FUNCTION = YES;
				GCC_WARN_UNUSED_VARIABLE = YES;
				IPHONEOS_DEPLOYMENT_TARGET = 14.3;
				MTL_ENABLE_DEBUG_INFO = NO;
				MTL_FAST_MATH = YES;
				SDKROOT = iphoneos;
				SWIFT_COMPILATION_MODE = wholemodule;
				SWIFT_OPTIMIZATION_LEVEL = "-O";
				VALIDATE_PRODUCT = YES;
			};
			name = Release;
		};
		085450F82591C31000E22902 /* Debug */ = {
			isa = XCBuildConfiguration;
			baseConfigurationReference = 7312E1ABF8A436EEACCB379F /* Pods-TBMtimeProject.debug.xcconfig */;
			buildSettings = {
				ASSETCATALOG_COMPILER_APPICON_NAME = AppIcon;
				ASSETCATALOG_COMPILER_GLOBAL_ACCENT_COLOR_NAME = AccentColor;
				CODE_SIGN_IDENTITY = "iPhone Developer";
				CODE_SIGN_STYLE = Manual;
				DEVELOPMENT_TEAM = TT7U2NHS56;
				EXCLUDED_ARCHS = "EXCLUDED_ARCHS__EFFECTIVE_PLATFORM_SUFFIX_simulator__NATIVE_ARCH_64_BIT_x86_64=arm64 arm64e armv7 armv7s armv6 armv8 EXCLUDED_ARCHS=$(inherited) $(EXCLUDED_ARCHS__EFFECTIVE_PLATFORM_SUFFIX_$(EFFECTIVE_PLATFORM_SUFFIX)__NATIVE_ARCH_64_BIT_$(NATIVE_ARCH_64_BIT))";
				INFOPLIST_FILE = TBMtimeProject/Info.plist;
				IPHONEOS_DEPLOYMENT_TARGET = 13.0;
				LD_RUNPATH_SEARCH_PATHS = (
					"$(inherited)",
					"@executable_path/Frameworks",
				);
				MARKETING_VERSION = 0.0.1;
				OTHER_LDFLAGS = (
					"$(inherited)",
					"-ObjC",
					"-l\"c++.1\"",
					"-l\"jcore-ios-2.4.0\"",
					"-l\"jverification-ios-2.6.3\"",
					"-l\"resolv\"",
					"-l\"sqlite3.0\"",
					"-l\"z\"",
					"-framework",
					"\"AVFoundation\"",
					"-framework",
					"\"AdSupport\"",
					"-framework",
					"\"Alamofire\"",
					"-framework",
					"\"AudioToolbox\"",
					"-framework",
					"\"CFNetwork\"",
					"-framework",
					"\"CoreAudio\"",
					"-framework",
					"\"CoreFoundation\"",
					"-framework",
					"\"CoreGraphics\"",
					"-framework",
					"\"CoreLocation\"",
					"-framework",
					"\"CoreTelephony\"",
					"-framework",
					"\"Differentiator\"",
					"-framework",
					"\"EAccountApiSDK\"",
					"-framework",
					"\"Foundation\"",
					"-framework",
					"\"MobileCoreServices\"",
					"-framework",
					"\"OAuth\"",
					"-framework",
					"\"Rswift\"",
					"-framework",
					"\"RxCocoa\"",
					"-framework",
					"\"RxDataSources\"",
					"-framework",
					"\"RxGesture\"",
					"-framework",
					"\"RxRelay\"",
					"-framework",
					"\"RxSwift\"",
					"-framework",
					"\"Security\"",
					"-framework",
					"\"SnapKit\"",
					"-framework",
					"\"SystemConfiguration\"",
					"-framework",
					"\"TBMtimeBaseControll\"",
					"-framework",
					"\"TBMtimeCommon\"",
					"-framework",
					"\"TYRZSDK\"",
					"-framework",
					"\"UIKit\"",
					"-framework",
					"\"WebKit\"",
					"-framework",
					"\"account_login_sdk_noui_core\"",
					"-weak_framework",
					"\"AppTrackingTransparency\"",
					"-weak_framework",
					"\"UserNotifications\"",
					"-all_load",
				);
				PRODUCT_BUNDLE_IDENTIFIER = com.mtime.mTime;
				PRODUCT_NAME = "$(TARGET_NAME)";
				PROVISIONING_PROFILE_SPECIFIER = 99_Dev_Net;
				SWIFT_OBJC_BRIDGING_HEADER = "${SRCROOT}//TBMtimeProject/Common/BridgingHeader/TBMtimeProject-Bridging-Header.h";
				SWIFT_VERSION = 5.0;
				TARGETED_DEVICE_FAMILY = 1;
				VALID_ARCHS = "armv7 armv7s arm64 x86_64 i386";
			};
			name = Debug;
		};
		085450F92591C31000E22902 /* Release */ = {
			isa = XCBuildConfiguration;
			baseConfigurationReference = 2D79AD5F30819EBBFF4743D6 /* Pods-TBMtimeProject.release.xcconfig */;
			buildSettings = {
				ASSETCATALOG_COMPILER_APPICON_NAME = AppIcon;
				ASSETCATALOG_COMPILER_GLOBAL_ACCENT_COLOR_NAME = AccentColor;
				CODE_SIGN_IDENTITY = "iPhone Developer";
				CODE_SIGN_STYLE = Manual;
				DEVELOPMENT_TEAM = TT7U2NHS56;
				EXCLUDED_ARCHS = "EXCLUDED_ARCHS__EFFECTIVE_PLATFORM_SUFFIX_simulator__NATIVE_ARCH_64_BIT_x86_64=arm64 arm64e armv7 armv7s armv6 armv8 EXCLUDED_ARCHS=$(inherited) $(EXCLUDED_ARCHS__EFFECTIVE_PLATFORM_SUFFIX_$(EFFECTIVE_PLATFORM_SUFFIX)__NATIVE_ARCH_64_BIT_$(NATIVE_ARCH_64_BIT))";
				INFOPLIST_FILE = TBMtimeProject/Info.plist;
				IPHONEOS_DEPLOYMENT_TARGET = 13.0;
				LD_RUNPATH_SEARCH_PATHS = (
					"$(inherited)",
					"@executable_path/Frameworks",
				);
				MARKETING_VERSION = 0.0.1;
				OTHER_LDFLAGS = (
					"$(inherited)",
					"-ObjC",
					"-l\"c++.1\"",
					"-l\"jcore-ios-2.4.0\"",
					"-l\"jverification-ios-2.6.3\"",
					"-l\"resolv\"",
					"-l\"sqlite3.0\"",
					"-l\"z\"",
					"-framework",
					"\"AVFoundation\"",
					"-framework",
					"\"AdSupport\"",
					"-framework",
					"\"Alamofire\"",
					"-framework",
					"\"AudioToolbox\"",
					"-framework",
					"\"CFNetwork\"",
					"-framework",
					"\"CoreAudio\"",
					"-framework",
					"\"CoreFoundation\"",
					"-framework",
					"\"CoreGraphics\"",
					"-framework",
					"\"CoreLocation\"",
					"-framework",
					"\"CoreTelephony\"",
					"-framework",
					"\"Differentiator\"",
					"-framework",
					"\"EAccountApiSDK\"",
					"-framework",
					"\"Foundation\"",
					"-framework",
					"\"MobileCoreServices\"",
					"-framework",
					"\"OAuth\"",
					"-framework",
					"\"Rswift\"",
					"-framework",
					"\"RxCocoa\"",
					"-framework",
					"\"RxDataSources\"",
					"-framework",
					"\"RxGesture\"",
					"-framework",
					"\"RxRelay\"",
					"-framework",
					"\"RxSwift\"",
					"-framework",
					"\"Security\"",
					"-framework",
					"\"SnapKit\"",
					"-framework",
					"\"SystemConfiguration\"",
					"-framework",
					"\"TBMtimeBaseControll\"",
					"-framework",
					"\"TBMtimeCommon\"",
					"-framework",
					"\"TYRZSDK\"",
					"-framework",
					"\"UIKit\"",
					"-framework",
					"\"WebKit\"",
					"-framework",
					"\"account_login_sdk_noui_core\"",
					"-weak_framework",
					"\"AppTrackingTransparency\"",
					"-weak_framework",
					"\"UserNotifications\"",
					"-all_load",
				);
				PRODUCT_BUNDLE_IDENTIFIER = com.mtime.mTime;
				PRODUCT_NAME = "$(TARGET_NAME)";
				PROVISIONING_PROFILE_SPECIFIER = 99_Dev_Net;
				SWIFT_OBJC_BRIDGING_HEADER = "${SRCROOT}//TBMtimeProject/Common/BridgingHeader/TBMtimeProject-Bridging-Header.h";
				SWIFT_VERSION = 5.0;
				TARGETED_DEVICE_FAMILY = 1;
			};
			name = Release;
		};
		085450FB2591C31000E22902 /* Debug */ = {
			isa = XCBuildConfiguration;
			buildSettings = {
				ALWAYS_EMBED_SWIFT_STANDARD_LIBRARIES = YES;
				BUNDLE_LOADER = "$(TEST_HOST)";
				CODE_SIGN_STYLE = Automatic;
				DEVELOPMENT_TEAM = FEL65848P8;
				INFOPLIST_FILE = TBMtimeProjectTests/Info.plist;
				IPHONEOS_DEPLOYMENT_TARGET = 14.3;
				LD_RUNPATH_SEARCH_PATHS = (
					"$(inherited)",
					"@executable_path/Frameworks",
					"@loader_path/Frameworks",
				);
				PRODUCT_BUNDLE_IDENTIFIER = com.mtime.mTime.TBMtimeProjectTests;
				PRODUCT_NAME = "$(TARGET_NAME)";
				SWIFT_VERSION = 5.0;
				TARGETED_DEVICE_FAMILY = "1,2";
				TEST_HOST = "$(BUILT_PRODUCTS_DIR)/TBMtimeProject.app/TBMtimeProject";
			};
			name = Debug;
		};
		085450FC2591C31000E22902 /* Release */ = {
			isa = XCBuildConfiguration;
			buildSettings = {
				ALWAYS_EMBED_SWIFT_STANDARD_LIBRARIES = YES;
				BUNDLE_LOADER = "$(TEST_HOST)";
				CODE_SIGN_STYLE = Automatic;
				DEVELOPMENT_TEAM = FEL65848P8;
				INFOPLIST_FILE = TBMtimeProjectTests/Info.plist;
				IPHONEOS_DEPLOYMENT_TARGET = 14.3;
				LD_RUNPATH_SEARCH_PATHS = (
					"$(inherited)",
					"@executable_path/Frameworks",
					"@loader_path/Frameworks",
				);
				PRODUCT_BUNDLE_IDENTIFIER = com.mtime.mTime.TBMtimeProjectTests;
				PRODUCT_NAME = "$(TARGET_NAME)";
				SWIFT_VERSION = 5.0;
				TARGETED_DEVICE_FAMILY = "1,2";
				TEST_HOST = "$(BUILT_PRODUCTS_DIR)/TBMtimeProject.app/TBMtimeProject";
			};
			name = Release;
		};
		085450FE2591C31000E22902 /* Debug */ = {
			isa = XCBuildConfiguration;
			buildSettings = {
				ALWAYS_EMBED_SWIFT_STANDARD_LIBRARIES = YES;
				CODE_SIGN_STYLE = Automatic;
				DEVELOPMENT_TEAM = FEL65848P8;
				INFOPLIST_FILE = TBMtimeProjectUITests/Info.plist;
				LD_RUNPATH_SEARCH_PATHS = (
					"$(inherited)",
					"@executable_path/Frameworks",
					"@loader_path/Frameworks",
				);
				PRODUCT_BUNDLE_IDENTIFIER = com.mtime.mTime.TBMtimeProjectUITests;
				PRODUCT_NAME = "$(TARGET_NAME)";
				SWIFT_VERSION = 5.0;
				TARGETED_DEVICE_FAMILY = "1,2";
				TEST_TARGET_NAME = TBMtimeProject;
			};
			name = Debug;
		};
		085450FF2591C31000E22902 /* Release */ = {
			isa = XCBuildConfiguration;
			buildSettings = {
				ALWAYS_EMBED_SWIFT_STANDARD_LIBRARIES = YES;
				CODE_SIGN_STYLE = Automatic;
				DEVELOPMENT_TEAM = FEL65848P8;
				INFOPLIST_FILE = TBMtimeProjectUITests/Info.plist;
				LD_RUNPATH_SEARCH_PATHS = (
					"$(inherited)",
					"@executable_path/Frameworks",
					"@loader_path/Frameworks",
				);
				PRODUCT_BUNDLE_IDENTIFIER = com.mtime.mTime.TBMtimeProjectUITests;
				PRODUCT_NAME = "$(TARGET_NAME)";
				SWIFT_VERSION = 5.0;
				TARGETED_DEVICE_FAMILY = "1,2";
				TEST_TARGET_NAME = TBMtimeProject;
			};
			name = Release;
		};
/* End XCBuildConfiguration section */

/* Begin XCConfigurationList section */
		085450C52591C30C00E22902 /* Build configuration list for PBXProject "TBMtimeProject" */ = {
			isa = XCConfigurationList;
			buildConfigurations = (
				085450F52591C31000E22902 /* Debug */,
				085450F62591C31000E22902 /* Release */,
			);
			defaultConfigurationIsVisible = 0;
			defaultConfigurationName = Release;
		};
		085450F72591C31000E22902 /* Build configuration list for PBXNativeTarget "TBMtimeProject" */ = {
			isa = XCConfigurationList;
			buildConfigurations = (
				085450F82591C31000E22902 /* Debug */,
				085450F92591C31000E22902 /* Release */,
			);
			defaultConfigurationIsVisible = 0;
			defaultConfigurationName = Release;
		};
		085450FA2591C31000E22902 /* Build configuration list for PBXNativeTarget "TBMtimeProjectTests" */ = {
			isa = XCConfigurationList;
			buildConfigurations = (
				085450FB2591C31000E22902 /* Debug */,
				085450FC2591C31000E22902 /* Release */,
			);
			defaultConfigurationIsVisible = 0;
			defaultConfigurationName = Release;
		};
		085450FD2591C31000E22902 /* Build configuration list for PBXNativeTarget "TBMtimeProjectUITests" */ = {
			isa = XCConfigurationList;
			buildConfigurations = (
				085450FE2591C31000E22902 /* Debug */,
				085450FF2591C31000E22902 /* Release */,
			);
			defaultConfigurationIsVisible = 0;
			defaultConfigurationName = Release;
		};
/* End XCConfigurationList section */

/* Begin XCVersionGroup section */
		085450D62591C30C00E22902 /* TBMtimeProject.xcdatamodeld */ = {
			isa = XCVersionGroup;
			children = (
				085450D72591C30C00E22902 /* TBMtimeProject.xcdatamodel */,
			);
			currentVersion = 085450D72591C30C00E22902 /* TBMtimeProject.xcdatamodel */;
			path = TBMtimeProject.xcdatamodeld;
			sourceTree = "<group>";
			versionGroupType = wrapper.xcdatamodel;
		};
/* End XCVersionGroup section */
	};
	rootObject = 085450C22591C30C00E22902 /* Project object */;
}
